
Microsoft Visual Studio Solution File, Format Version 12.00
# Visual Studio Version 17
VisualStudioVersion = 17.2.32526.322
MinimumVisualStudioVersion = 10.0.40219.1
Project("{9A19103F-16F7-4668-BE54-9A1E7A4F7556}") = "ShoppingCartCMC.WebApi", "ShoppingCartCMC.WebApi\ShoppingCartCMC.WebApi.csproj", "{71EDC8DE-6AC3-43B4-BEA6-FDF6EF43F1C8}"
EndProject
Project("{9A19103F-16F7-4668-BE54-9A1E7A4F7556}") = "ShoppingCartCMC.Server.Shared", "ShoppingCartCMC.Server.Shared\ShoppingCartCMC.Server.Shared.csproj", "{D73A662F-21FA-41B0-A9D6-DB26E0AF3DCD}"
EndProject
Project("{9A19103F-16F7-4668-BE54-9A1E7A4F7556}") = "ShoppingCartCMC.Shared", "ShoppingCartCMC.Shared\ShoppingCartCMC.Shared.csproj", "{F275BDFF-0529-4391-8EB8-8B81799B1FC0}"
EndProject
Project("{9A19103F-16F7-4668-BE54-9A1E7A4F7556}") = "ShoppingCartCMC.STS", "ShoppingCartCMC.STS\ShoppingCartCMC.STS.csproj", "{24797A39-6E6E-44F4-A975-A6279C4ADFBE}"
EndProject
Project("{9A19103F-16F7-4668-BE54-9A1E7A4F7556}") = "ShoppingCartCMC.Test", "ShoppingCartCMC.Test\ShoppingCartCMC.Test.csproj", "{14426674-8ACD-4958-84CA-778B7239E1EA}"
EndProject
Project("{2150E333-8FDC-42A3-9474-1A3956D46DE8}") = "_ThirdPartyDLL", "_ThirdPartyDLL", "{C7B6BB8D-7554-4240-AD70-A06C27F5F6D8}"
EndProject
Project("{2150E333-8FDC-42A3-9474-1A3956D46DE8}") = "ServiceStack 5.7.0", "ServiceStack 5.7.0", "{8E9DDF72-23E5-415B-A31B-4F5F7A30BDFA}"
	ProjectSection(SolutionItems) = preProject
		_ThirdPartyDLL\ServiceStack 5.7.0\ServiceStack.Client.dll = _ThirdPartyDLL\ServiceStack 5.7.0\ServiceStack.Client.dll
		_ThirdPartyDLL\ServiceStack 5.7.0\ServiceStack.Common.dll = _ThirdPartyDLL\ServiceStack 5.7.0\ServiceStack.Common.dll
		_ThirdPartyDLL\ServiceStack 5.7.0\ServiceStack.dll = _ThirdPartyDLL\ServiceStack 5.7.0\ServiceStack.dll
		_ThirdPartyDLL\ServiceStack 5.7.0\ServiceStack.Interfaces.dll = _ThirdPartyDLL\ServiceStack 5.7.0\ServiceStack.Interfaces.dll
		_ThirdPartyDLL\ServiceStack 5.7.0\ServiceStack.Redis.dll = _ThirdPartyDLL\ServiceStack 5.7.0\ServiceStack.Redis.dll
		_ThirdPartyDLL\ServiceStack 5.7.0\ServiceStack.Text.dll = _ThirdPartyDLL\ServiceStack 5.7.0\ServiceStack.Text.dll
	EndProjectSection
EndProject
Global
	GlobalSection(SolutionConfigurationPlatforms) = preSolution
		Debug|Any CPU = Debug|Any CPU
		Release|Any CPU = Release|Any CPU
	EndGlobalSection
	GlobalSection(ProjectConfigurationPlatforms) = postSolution
		{71EDC8DE-6AC3-43B4-BEA6-FDF6EF43F1C8}.Debug|Any CPU.ActiveCfg = Debug|Any CPU
		{71EDC8DE-6AC3-43B4-BEA6-FDF6EF43F1C8}.Debug|Any CPU.Build.0 = Debug|Any CPU
		{71EDC8DE-6AC3-43B4-BEA6-FDF6EF43F1C8}.Release|Any CPU.ActiveCfg = Release|Any CPU
		{71EDC8DE-6AC3-43B4-BEA6-FDF6EF43F1C8}.Release|Any CPU.Build.0 = Release|Any CPU
		{D73A662F-21FA-41B0-A9D6-DB26E0AF3DCD}.Debug|Any CPU.ActiveCfg = Debug|Any CPU
		{D73A662F-21FA-41B0-A9D6-DB26E0AF3DCD}.Debug|Any CPU.Build.0 = Debug|Any CPU
		{D73A662F-21FA-41B0-A9D6-DB26E0AF3DCD}.Release|Any CPU.ActiveCfg = Release|Any CPU
		{D73A662F-21FA-41B0-A9D6-DB26E0AF3DCD}.Release|Any CPU.Build.0 = Release|Any CPU
		{F275BDFF-0529-4391-8EB8-8B81799B1FC0}.Debug|Any CPU.ActiveCfg = Debug|Any CPU
		{F275BDFF-0529-4391-8EB8-8B81799B1FC0}.Debug|Any CPU.Build.0 = Debug|Any CPU
		{F275BDFF-0529-4391-8EB8-8B81799B1FC0}.Release|Any CPU.ActiveCfg = Release|Any CPU
		{F275BDFF-0529-4391-8EB8-8B81799B1FC0}.Release|Any CPU.Build.0 = Release|Any CPU
		{24797A39-6E6E-44F4-A975-A6279C4ADFBE}.Debug|Any CPU.ActiveCfg = Debug|Any CPU
		{24797A39-6E6E-44F4-A975-A6279C4ADFBE}.Debug|Any CPU.Build.0 = Debug|Any CPU
		{24797A39-6E6E-44F4-A975-A6279C4ADFBE}.Release|Any CPU.ActiveCfg = Release|Any CPU
		{24797A39-6E6E-44F4-A975-A6279C4ADFBE}.Release|Any CPU.Build.0 = Release|Any CPU
		{14426674-8ACD-4958-84CA-778B7239E1EA}.Debug|Any CPU.ActiveCfg = Debug|Any CPU
		{14426674-8ACD-4958-84CA-778B7239E1EA}.Debug|Any CPU.Build.0 = Debug|Any CPU
		{14426674-8ACD-4958-84CA-778B7239E1EA}.Release|Any CPU.ActiveCfg = Release|Any CPU
		{14426674-8ACD-4958-84CA-778B7239E1EA}.Release|Any CPU.Build.0 = Release|Any CPU
	EndGlobalSection
	GlobalSection(SolutionProperties) = preSolution
		HideSolutionNode = FALSE
	EndGlobalSection
	GlobalSection(NestedProjects) = preSolution
		{8E9DDF72-23E5-415B-A31B-4F5F7A30BDFA} = {C7B6BB8D-7554-4240-AD70-A06C27F5F6D8}
	EndGlobalSection
	GlobalSection(ExtensibilityGlobals) = postSolution
		SolutionGuid = {978DF7BD-2B85-4A4F-9482-F740A8393996}
	EndGlobalSection
EndGlobal
